
Microsoft Visual Studio Solution File, Format Version 10.00
# Visual Studio 2008
Project("{FAE04EC0-301F-11D3-BF4B-00C04F79EFBC}") = "ZQTMS.UI", "ZQTMS.UI\ZQTMS.UI.csproj", "{D01562CC-31A1-47B8-AA00-36750A76016C}"
EndProject
Project("{FAE04EC0-301F-11D3-BF4B-00C04F79EFBC}") = "ZQTMS.Tool", "ZQTMS.Tool\ZQTMS.Tool.csproj", "{0A9704F9-7864-45AF-BFA7-E09F2B30A29F}"
EndProject
Project("{FAE04EC0-301F-11D3-BF4B-00C04F79EFBC}") = "ZQTMS.Lib", "ZQTMS.Lib\ZQTMS.Lib.csproj", "{6B4EE677-B3A5-47E3-9BD4-A6C6226A9D33}"
EndProject
Project("{FAE04EC0-301F-11D3-BF4B-00C04F79EFBC}") = "ZQTMS.Update", "ZQTMS.Update\ZQTMS.Update.csproj", "{C98AA349-2F3A-490C-8416-A443229CB4FF}"
EndProject
Project("{FAE04EC0-301F-11D3-BF4B-00C04F79EFBC}") = "ZQTMS.Common", "ZQTMS.Common\ZQTMS.Common.csproj", "{4E8CC77B-5F91-4085-998A-15FA9F8C5EAF}"
EndProject
Project("{FAE04EC0-301F-11D3-BF4B-00C04F79EFBC}") = "ZQTMS.UpLoad", "ZQTMS.UpLoad\ZQTMS.UpLoad.csproj", "{14EC5D66-C74A-4E12-A3E8-5CF662F36F44}"
EndProject
Project("{2150E333-8FDC-42A3-9474-1A3956D46DE8}") = "营运流程", "营运流程", "{52E30FBB-5C0C-4533-AA6B-DDCF685446E3}"
EndProject
Project("{FAE04EC0-301F-11D3-BF4B-00C04F79EFBC}") = "BuisinessManage", "营运流程\BuisinessManage\BuisinessManage.csproj", "{B035DA66-E56F-4A4F-983B-1AAED33CE3C8}"
EndProject
Project("{FAE04EC0-301F-11D3-BF4B-00C04F79EFBC}") = "BaseInfoManage", "营运流程\BaseInfoManage\BaseInfoManage.csproj", "{52206E88-712A-4815-A46B-8A37E9A9C8BC}"
EndProject
Project("{FAE04EC0-301F-11D3-BF4B-00C04F79EFBC}") = "ReceiptManage", "营运流程\ReceiptManage\ReceiptManage.csproj", "{84931105-5589-4DD5-B8F3-2879C3AF10E6}"
EndProject
Project("{FAE04EC0-301F-11D3-BF4B-00C04F79EFBC}") = "FinanceManage", "营运流程\FinanceManage\FinanceManage.csproj", "{1E54687A-60AA-4553-B564-ED4AD68F505B}"
EndProject
Project("{FAE04EC0-301F-11D3-BF4B-00C04F79EFBC}") = "JMBusinessManage", "营运流程\JMBusinessManage\JMBusinessManage.csproj", "{C565759D-13FB-4582-85A5-3E2986496460}"
EndProject
Project("{FAE04EC0-301F-11D3-BF4B-00C04F79EFBC}") = "Monitor", "营运流程\Monitor\Monitor.csproj", "{44E11423-8F0D-49DC-AFBA-35043623816B}"
EndProject
Project("{FAE04EC0-301F-11D3-BF4B-00C04F79EFBC}") = "OilCardManage", "营运流程\OilCardManage\OilCardManage.csproj", "{5BA58332-21AA-4ADB-A52A-818D266E0D88}"
EndProject
Project("{FAE04EC0-301F-11D3-BF4B-00C04F79EFBC}") = "SendSmsService", "SendSmsService\SendSmsService.csproj", "{6C414EF3-990D-4EFA-96FC-8497883F4F87}"
EndProject
Project("{FAE04EC0-301F-11D3-BF4B-00C04F79EFBC}") = "PersonnelDepManage", "营运流程\PersonnelDepManage\PersonnelDepManage.csproj", "{72B2FF87-5914-4A9B-BC35-7A0A28B70C96}"
EndProject
Global
	GlobalSection(SolutionConfigurationPlatforms) = preSolution
		Debug|Any CPU = Debug|Any CPU
		Debug|x86 = Debug|x86
		Release|Any CPU = Release|Any CPU
		Release|x86 = Release|x86
	EndGlobalSection
	GlobalSection(ProjectConfigurationPlatforms) = postSolution
		{D01562CC-31A1-47B8-AA00-36750A76016C}.Debug|Any CPU.ActiveCfg = Debug|Any CPU
		{D01562CC-31A1-47B8-AA00-36750A76016C}.Debug|Any CPU.Build.0 = Debug|Any CPU
		{D01562CC-31A1-47B8-AA00-36750A76016C}.Debug|x86.ActiveCfg = Debug|x86
		{D01562CC-31A1-47B8-AA00-36750A76016C}.Debug|x86.Build.0 = Debug|x86
		{D01562CC-31A1-47B8-AA00-36750A76016C}.Release|Any CPU.ActiveCfg = Release|Any CPU
		{D01562CC-31A1-47B8-AA00-36750A76016C}.Release|Any CPU.Build.0 = Release|Any CPU
		{D01562CC-31A1-47B8-AA00-36750A76016C}.Release|x86.ActiveCfg = Release|x86
		{D01562CC-31A1-47B8-AA00-36750A76016C}.Release|x86.Build.0 = Release|x86
		{0A9704F9-7864-45AF-BFA7-E09F2B30A29F}.Debug|Any CPU.ActiveCfg = Debug|Any CPU
		{0A9704F9-7864-45AF-BFA7-E09F2B30A29F}.Debug|Any CPU.Build.0 = Debug|Any CPU
		{0A9704F9-7864-45AF-BFA7-E09F2B30A29F}.Debug|x86.ActiveCfg = Debug|x86
		{0A9704F9-7864-45AF-BFA7-E09F2B30A29F}.Debug|x86.Build.0 = Debug|x86
		{0A9704F9-7864-45AF-BFA7-E09F2B30A29F}.Release|Any CPU.ActiveCfg = Release|Any CPU
		{0A9704F9-7864-45AF-BFA7-E09F2B30A29F}.Release|Any CPU.Build.0 = Release|Any CPU
		{0A9704F9-7864-45AF-BFA7-E09F2B30A29F}.Release|x86.ActiveCfg = Release|x86
		{0A9704F9-7864-45AF-BFA7-E09F2B30A29F}.Release|x86.Build.0 = Release|x86
		{6B4EE677-B3A5-47E3-9BD4-A6C6226A9D33}.Debug|Any CPU.ActiveCfg = Debug|Any CPU
		{6B4EE677-B3A5-47E3-9BD4-A6C6226A9D33}.Debug|Any CPU.Build.0 = Debug|Any CPU
		{6B4EE677-B3A5-47E3-9BD4-A6C6226A9D33}.Debug|x86.ActiveCfg = Debug|Any CPU
		{6B4EE677-B3A5-47E3-9BD4-A6C6226A9D33}.Release|Any CPU.ActiveCfg = Release|Any CPU
		{6B4EE677-B3A5-47E3-9BD4-A6C6226A9D33}.Release|Any CPU.Build.0 = Release|Any CPU
		{6B4EE677-B3A5-47E3-9BD4-A6C6226A9D33}.Release|x86.ActiveCfg = Release|x86
		{6B4EE677-B3A5-47E3-9BD4-A6C6226A9D33}.Release|x86.Build.0 = Release|x86
		{C98AA349-2F3A-490C-8416-A443229CB4FF}.Debug|Any CPU.ActiveCfg = Debug|Any CPU
		{C98AA349-2F3A-490C-8416-A443229CB4FF}.Debug|Any CPU.Build.0 = Debug|Any CPU
		{C98AA349-2F3A-490C-8416-A443229CB4FF}.Debug|x86.ActiveCfg = Debug|Any CPU
		{C98AA349-2F3A-490C-8416-A443229CB4FF}.Release|Any CPU.ActiveCfg = Release|Any CPU
		{C98AA349-2F3A-490C-8416-A443229CB4FF}.Release|Any CPU.Build.0 = Release|Any CPU
		{C98AA349-2F3A-490C-8416-A443229CB4FF}.Release|x86.ActiveCfg = Release|x86
		{4E8CC77B-5F91-4085-998A-15FA9F8C5EAF}.Debug|Any CPU.ActiveCfg = Debug|Any CPU
		{4E8CC77B-5F91-4085-998A-15FA9F8C5EAF}.Debug|Any CPU.Build.0 = Debug|Any CPU
		{4E8CC77B-5F91-4085-998A-15FA9F8C5EAF}.Debug|x86.ActiveCfg = Debug|Any CPU
		{4E8CC77B-5F91-4085-998A-15FA9F8C5EAF}.Release|Any CPU.ActiveCfg = Release|Any CPU
		{4E8CC77B-5F91-4085-998A-15FA9F8C5EAF}.Release|Any CPU.Build.0 = Release|Any CPU
		{4E8CC77B-5F91-4085-998A-15FA9F8C5EAF}.Release|x86.ActiveCfg = Release|x86
		{4E8CC77B-5F91-4085-998A-15FA9F8C5EAF}.Release|x86.Build.0 = Release|x86
		{14EC5D66-C74A-4E12-A3E8-5CF662F36F44}.Debug|Any CPU.ActiveCfg = Debug|Any CPU
		{14EC5D66-C74A-4E12-A3E8-5CF662F36F44}.Debug|Any CPU.Build.0 = Debug|Any CPU
		{14EC5D66-C74A-4E12-A3E8-5CF662F36F44}.Debug|x86.ActiveCfg = Debug|Any CPU
		{14EC5D66-C74A-4E12-A3E8-5CF662F36F44}.Release|Any CPU.ActiveCfg = Release|Any CPU
		{14EC5D66-C74A-4E12-A3E8-5CF662F36F44}.Release|Any CPU.Build.0 = Release|Any CPU
		{14EC5D66-C74A-4E12-A3E8-5CF662F36F44}.Release|x86.ActiveCfg = Release|x86
		{B035DA66-E56F-4A4F-983B-1AAED33CE3C8}.Debug|Any CPU.ActiveCfg = Debug|Any CPU
		{B035DA66-E56F-4A4F-983B-1AAED33CE3C8}.Debug|Any CPU.Build.0 = Debug|Any CPU
		{B035DA66-E56F-4A4F-983B-1AAED33CE3C8}.Debug|x86.ActiveCfg = Debug|Any CPU
		{B035DA66-E56F-4A4F-983B-1AAED33CE3C8}.Release|Any CPU.ActiveCfg = Release|Any CPU
		{B035DA66-E56F-4A4F-983B-1AAED33CE3C8}.Release|Any CPU.Build.0 = Release|Any CPU
		{B035DA66-E56F-4A4F-983B-1AAED33CE3C8}.Release|x86.ActiveCfg = Release|x86
		{52206E88-712A-4815-A46B-8A37E9A9C8BC}.Debug|Any CPU.ActiveCfg = Debug|Any CPU
		{52206E88-712A-4815-A46B-8A37E9A9C8BC}.Debug|Any CPU.Build.0 = Debug|Any CPU
		{52206E88-712A-4815-A46B-8A37E9A9C8BC}.Debug|x86.ActiveCfg = Debug|Any CPU
		{52206E88-712A-4815-A46B-8A37E9A9C8BC}.Release|Any CPU.ActiveCfg = Release|Any CPU
		{52206E88-712A-4815-A46B-8A37E9A9C8BC}.Release|Any CPU.Build.0 = Release|Any CPU
		{52206E88-712A-4815-A46B-8A37E9A9C8BC}.Release|x86.ActiveCfg = Release|x86
		{84931105-5589-4DD5-B8F3-2879C3AF10E6}.Debug|Any CPU.ActiveCfg = Debug|Any CPU
		{84931105-5589-4DD5-B8F3-2879C3AF10E6}.Debug|Any CPU.Build.0 = Debug|Any CPU
		{84931105-5589-4DD5-B8F3-2879C3AF10E6}.Debug|x86.ActiveCfg = Debug|Any CPU
		{84931105-5589-4DD5-B8F3-2879C3AF10E6}.Release|Any CPU.ActiveCfg = Release|Any CPU
		{84931105-5589-4DD5-B8F3-2879C3AF10E6}.Release|Any CPU.Build.0 = Release|Any CPU
		{84931105-5589-4DD5-B8F3-2879C3AF10E6}.Release|x86.ActiveCfg = Release|x86
		{1E54687A-60AA-4553-B564-ED4AD68F505B}.Debug|Any CPU.ActiveCfg = Debug|Any CPU
		{1E54687A-60AA-4553-B564-ED4AD68F505B}.Debug|Any CPU.Build.0 = Debug|Any CPU
		{1E54687A-60AA-4553-B564-ED4AD68F505B}.Debug|x86.ActiveCfg = Debug|Any CPU
		{1E54687A-60AA-4553-B564-ED4AD68F505B}.Release|Any CPU.ActiveCfg = Release|Any CPU
		{1E54687A-60AA-4553-B564-ED4AD68F505B}.Release|Any CPU.Build.0 = Release|Any CPU
		{1E54687A-60AA-4553-B564-ED4AD68F505B}.Release|x86.ActiveCfg = Release|x86
		{C565759D-13FB-4582-85A5-3E2986496460}.Debug|Any CPU.ActiveCfg = Debug|Any CPU
		{C565759D-13FB-4582-85A5-3E2986496460}.Debug|Any CPU.Build.0 = Debug|Any CPU
		{C565759D-13FB-4582-85A5-3E2986496460}.Debug|x86.ActiveCfg = Debug|Any CPU
		{C565759D-13FB-4582-85A5-3E2986496460}.Release|Any CPU.ActiveCfg = Release|Any CPU
		{C565759D-13FB-4582-85A5-3E2986496460}.Release|Any CPU.Build.0 = Release|Any CPU
		{C565759D-13FB-4582-85A5-3E2986496460}.Release|x86.ActiveCfg = Release|x86
		{44E11423-8F0D-49DC-AFBA-35043623816B}.Debug|Any CPU.ActiveCfg = Debug|Any CPU
		{44E11423-8F0D-49DC-AFBA-35043623816B}.Debug|Any CPU.Build.0 = Debug|Any CPU
		{44E11423-8F0D-49DC-AFBA-35043623816B}.Debug|x86.ActiveCfg = Debug|Any CPU
		{44E11423-8F0D-49DC-AFBA-35043623816B}.Release|Any CPU.ActiveCfg = Release|Any CPU
		{44E11423-8F0D-49DC-AFBA-35043623816B}.Release|Any CPU.Build.0 = Release|Any CPU
		{44E11423-8F0D-49DC-AFBA-35043623816B}.Release|x86.ActiveCfg = Release|x86
		{5BA58332-21AA-4ADB-A52A-818D266E0D88}.Debug|Any CPU.ActiveCfg = Debug|Any CPU
		{5BA58332-21AA-4ADB-A52A-818D266E0D88}.Debug|Any CPU.Build.0 = Debug|Any CPU
		{5BA58332-21AA-4ADB-A52A-818D266E0D88}.Debug|x86.ActiveCfg = Debug|Any CPU
		{5BA58332-21AA-4ADB-A52A-818D266E0D88}.Release|Any CPU.ActiveCfg = Release|Any CPU
		{5BA58332-21AA-4ADB-A52A-818D266E0D88}.Release|Any CPU.Build.0 = Release|Any CPU
		{5BA58332-21AA-4ADB-A52A-818D266E0D88}.Release|x86.ActiveCfg = Release|x86
		{6C414EF3-990D-4EFA-96FC-8497883F4F87}.Debug|Any CPU.ActiveCfg = Debug|Any CPU
		{6C414EF3-990D-4EFA-96FC-8497883F4F87}.Debug|Any CPU.Build.0 = Debug|Any CPU
		{6C414EF3-990D-4EFA-96FC-8497883F4F87}.Debug|x86.ActiveCfg = Debug|Any CPU
		{6C414EF3-990D-4EFA-96FC-8497883F4F87}.Release|Any CPU.ActiveCfg = Release|Any CPU
		{6C414EF3-990D-4EFA-96FC-8497883F4F87}.Release|Any CPU.Build.0 = Release|Any CPU
		{6C414EF3-990D-4EFA-96FC-8497883F4F87}.Release|x86.ActiveCfg = Release|x86
		{72B2FF87-5914-4A9B-BC35-7A0A28B70C96}.Debug|Any CPU.ActiveCfg = Debug|Any CPU
		{72B2FF87-5914-4A9B-BC35-7A0A28B70C96}.Debug|Any CPU.Build.0 = Debug|Any CPU
		{72B2FF87-5914-4A9B-BC35-7A0A28B70C96}.Debug|x86.ActiveCfg = Debug|Any CPU
		{72B2FF87-5914-4A9B-BC35-7A0A28B70C96}.Release|Any CPU.ActiveCfg = Release|Any CPU
		{72B2FF87-5914-4A9B-BC35-7A0A28B70C96}.Release|Any CPU.Build.0 = Release|Any CPU
		{72B2FF87-5914-4A9B-BC35-7A0A28B70C96}.Release|x86.ActiveCfg = Release|x86
	EndGlobalSection
	GlobalSection(SolutionProperties) = preSolution
		HideSolutionNode = FALSE
	EndGlobalSection
	GlobalSection(NestedProjects) = preSolution
		{B035DA66-E56F-4A4F-983B-1AAED33CE3C8} = {52E30FBB-5C0C-4533-AA6B-DDCF685446E3}
		{52206E88-712A-4815-A46B-8A37E9A9C8BC} = {52E30FBB-5C0C-4533-AA6B-DDCF685446E3}
		{84931105-5589-4DD5-B8F3-2879C3AF10E6} = {52E30FBB-5C0C-4533-AA6B-DDCF685446E3}
		{1E54687A-60AA-4553-B564-ED4AD68F505B} = {52E30FBB-5C0C-4533-AA6B-DDCF685446E3}
		{C565759D-13FB-4582-85A5-3E2986496460} = {52E30FBB-5C0C-4533-AA6B-DDCF685446E3}
		{44E11423-8F0D-49DC-AFBA-35043623816B} = {52E30FBB-5C0C-4533-AA6B-DDCF685446E3}
		{5BA58332-21AA-4ADB-A52A-818D266E0D88} = {52E30FBB-5C0C-4533-AA6B-DDCF685446E3}
		{72B2FF87-5914-4A9B-BC35-7A0A28B70C96} = {52E30FBB-5C0C-4533-AA6B-DDCF685446E3}
	EndGlobalSection
EndGlobal
